<?xml version="1.0" encoding="utf-8"?>
<Project ToolsVersion="4.0" xmlns="http://schemas.microsoft.com/developer/msbuild/2003">
  <ItemGroup>
    <Filter Include="Source Files">
      <UniqueIdentifier>{4FC737F1-C7A5-4376-A066-2A32D752A2FF}</UniqueIdentifier>
      <Extensions>cpp;c;cc;cxx;def;odl;idl;hpj;bat;asm;asmx</Extensions>
    </Filter>
    <Filter Include="Header Files">
      <UniqueIdentifier>{93995380-89BD-4b04-88EB-625FBE52EBFB}</UniqueIdentifier>
      <Extensions>h;hpp;hxx;hm;inl;inc;xsd</Extensions>
    </Filter>
    <Filter Include="Resource Files">
      <UniqueIdentifier>{67DA6AB6-F800-4c08-8B7A-83BB121AAD01}</UniqueIdentifier>
      <Extensions>rc;ico;cur;bmp;dlg;rc2;rct;bin;rgs;gif;jpg;jpeg;jpe;resx;tiff;tif;png;wav;mfcribbon-ms</Extensions>
    </Filter>
  </ItemGroup>
  <ItemGroup>
    <None Include="ReadMe.txt" />
    <None Include="small.ico">
      <Filter>Resource Files</Filter>
    </None>
    <None Include="Homework_6.ico">
      <Filter>Resource Files</Filter>
    </None>
    <None Include="RobotShop.xml" />
  </ItemGroup>
  <ItemGroup>
    <ClInclude Include="stdafx.h">
      <Filter>Header Files</Filter>
    </ClInclude>
    <ClInclude Include="targetver.h">
      <Filter>Header Files</Filter>
    </ClInclude>
    <ClInclude Include="Resource.h">
      <Filter>Header Files</Filter>
    </ClInclude>
    <ClInclude Include="Homework_6.h">
      <Filter>Header Files</Filter>
    </ClInclude>
    <ClInclude Include="Customer.h">
      <Filter>Header Files</Filter>
    </ClInclude>
    <ClInclude Include="Head.h">
      <Filter>Header Files</Filter>
    </ClInclude>
    <ClInclude Include="Inventory.h">
      <Filter>Header Files</Filter>
    </ClInclude>
    <ClInclude Include="Locomotor.h">
      <Filter>Header Files</Filter>
    </ClInclude>
    <ClInclude Include="OrderItem.h">
      <Filter>Header Files</Filter>
    </ClInclude>
    <ClInclude Include="Product.h">
      <Filter>Header Files</Filter>
    </ClInclude>
    <ClInclude Include="RobotModel.h">
      <Filter>Header Files</Filter>
    </ClInclude>
    <ClInclude Include="RobotPart.h">
      <Filter>Header Files</Filter>
    </ClInclude>
    <ClInclude Include="RobotShop.h">
      <Filter>Header Files</Filter>
    </ClInclude>
    <ClInclude Include="Sales.h">
      <Filter>Header Files</Filter>
    </ClInclude>
    <ClInclude Include="SalesAssoc.h">
      <Filter>Header Files</Filter>
    </ClInclude>
    <ClInclude Include="SalesOrder.h">
      <Filter>Header Files</Filter>
    </ClInclude>
    <ClInclude Include="TestCase.h">
      <Filter>Header Files</Filter>
    </ClInclude>
    <ClInclude Include="Torso.h">
      <Filter>Header Files</Filter>
    </ClInclude>
    <ClInclude Include="Utility.h">
      <Filter>Header Files</Filter>
    </ClInclude>
    <ClInclude Include="Arm.h">
      <Filter>Header Files</Filter>
    </ClInclude>
    <ClInclude Include="Battery.h">
      <Filter>Header Files</Filter>
    </ClInclude>
    <ClInclude Include="UI_Menu.h">
      <Filter>Header Files</Filter>
    </ClInclude>
    <ClInclude Include="UI_Order.h">
      <Filter>Header Files</Filter>
    </ClInclude>
    <ClInclude Include="UI_Customer.h">
      <Filter>Header Files</Filter>
    </ClInclude>
    <ClInclude Include="UI_SalesAssociate.h">
      <Filter>Header Files</Filter>
    </ClInclude>
    <ClInclude Include="UI_RobotPart.h">
      <Filter>Header Files</Filter>
    </ClInclude>
    <ClInclude Include="UI_RobotModel.h">
      <Filter>Header Files</Filter>
    </ClInclude>
    <ClInclude Include="Control_Table.h">
      <Filter>Header Files</Filter>
    </ClInclude>
    <ClInclude Include="UI_BrowseCatalog.h">
      <Filter>Header Files</Filter>
    </ClInclude>
    <ClInclude Include="UI_EditRobotPart.h">
      <Filter>Header Files</Filter>
    </ClInclude>
    <ClInclude Include="UI_EditRobotModel.h">
      <Filter>Header Files</Filter>
    </ClInclude>
  </ItemGroup>
  <ItemGroup>
    <ClCompile Include="stdafx.cpp">
      <Filter>Source Files</Filter>
    </ClCompile>
    <ClCompile Include="Homework_6.cpp">
      <Filter>Source Files</Filter>
    </ClCompile>
    <ClCompile Include="Head.cpp">
      <Filter>Source Files</Filter>
    </ClCompile>
    <ClCompile Include="Inventory.cpp">
      <Filter>Source Files</Filter>
    </ClCompile>
    <ClCompile Include="Locomotor.cpp">
      <Filter>Source Files</Filter>
    </ClCompile>
    <ClCompile Include="OrderItem.cpp">
      <Filter>Source Files</Filter>
    </ClCompile>
    <ClCompile Include="Product.cpp">
      <Filter>Source Files</Filter>
    </ClCompile>
    <ClCompile Include="RobotModel.cpp">
      <Filter>Source Files</Filter>
    </ClCompile>
    <ClCompile Include="RobotPart.cpp">
      <Filter>Source Files</Filter>
    </ClCompile>
    <ClCompile Include="RobotShop.cpp">
      <Filter>Source Files</Filter>
    </ClCompile>
    <ClCompile Include="Sales.cpp">
      <Filter>Source Files</Filter>
    </ClCompile>
    <ClCompile Include="SalesAssoc.cpp">
      <Filter>Source Files</Filter>
    </ClCompile>
    <ClCompile Include="SalesOrder.cpp">
      <Filter>Source Files</Filter>
    </ClCompile>
    <ClCompile Include="TestCase.cpp">
      <Filter>Source Files</Filter>
    </ClCompile>
    <ClCompile Include="Torso.cpp">
      <Filter>Source Files</Filter>
    </ClCompile>
    <ClCompile Include="Utility.cpp">
      <Filter>Source Files</Filter>
    </ClCompile>
    <ClCompile Include="Arm.cpp">
      <Filter>Source Files</Filter>
    </ClCompile>
    <ClCompile Include="Battery.cpp">
      <Filter>Source Files</Filter>
    </ClCompile>
    <ClCompile Include="Customer.cpp">
      <Filter>Source Files</Filter>
    </ClCompile>
    <ClCompile Include="UI_Menu.cpp">
      <Filter>Source Files</Filter>
    </ClCompile>
    <ClCompile Include="UI_Order.cpp">
      <Filter>Source Files</Filter>
    </ClCompile>
    <ClCompile Include="UI_Customer.cpp">
      <Filter>Source Files</Filter>
    </ClCompile>
    <ClCompile Include="UI_SalesAssociate.cpp">
      <Filter>Source Files</Filter>
    </ClCompile>
    <ClCompile Include="UI_RobotPart.cpp">
      <Filter>Source Files</Filter>
    </ClCompile>
    <ClCompile Include="UI_RobotModel.cpp">
      <Filter>Source Files</Filter>
    </ClCompile>
    <ClCompile Include="Control_Table.cpp">
      <Filter>Source Files</Filter>
    </ClCompile>
    <ClCompile Include="UI_BrowseCatalog.cpp">
      <Filter>Source Files</Filter>
    </ClCompile>
    <ClCompile Include="UI_EditRobotPart.cpp">
      <Filter>Source Files</Filter>
    </ClCompile>
    <ClCompile Include="UI_EditRobotModel.cpp">
      <Filter>Source Files</Filter>
    </ClCompile>
  </ItemGroup>
  <ItemGroup>
    <ResourceCompile Include="Homework_6.rc">
      <Filter>Resource Files</Filter>
    </ResourceCompile>
  </ItemGroup>
</Project>